
Microsoft Visual Studio Solution File, Format Version 12.00
# Visual Studio 15
VisualStudioVersion = 15.0.26730.16
MinimumVisualStudioVersion = 10.0.40219.1
Project("{8BC9CEB8-8B4A-11D0-8D11-00A0C91BC942}") = "AI_2017_HW_01", "AI_2017_HW_01\AI_2017_HW_01.vcxproj", "{CBFF8079-C27D-4F50-8098-F90B634C436E}"
EndProject
Global
	GlobalSection(SolutionConfigurationPlatforms) = preSolution
		Debug|x64 = Debug|x64
		Debug|x86 = Debug|x86
		Release|x64 = Release|x64
		Release|x86 = Release|x86
	EndGlobalSection
	GlobalSection(ProjectConfigurationPlatforms) = postSolution
		{CBFF8079-C27D-4F50-8098-F90B634C436E}.Debug|x64.ActiveCfg = Debug|x64
		{CBFF8079-C27D-4F50-8098-F90B634C436E}.Debug|x64.Build.0 = Debug|x64
		{CBFF8079-C27D-4F50-8098-F90B634C436E}.Debug|x86.ActiveCfg = Debug|Win32
		{CBFF8079-C27D-4F50-8098-F90B634C436E}.Debug|x86.Build.0 = Debug|Win32
		{CBFF8079-C27D-4F50-8098-F90B634C436E}.Release|x64.ActiveCfg = Release|x64
		{CBFF8079-C27D-4F50-8098-F90B634C436E}.Release|x64.Build.0 = Release|x64
		{CBFF8079-C27D-4F50-8098-F90B634C436E}.Release|x86.ActiveCfg = Release|Win32
		{CBFF8079-C27D-4F50-8098-F90B634C436E}.Release|x86.Build.0 = Release|Win32
	EndGlobalSection
	GlobalSection(SolutionProperties) = preSolution
		HideSolutionNode = FALSE
	EndGlobalSection
	GlobalSection(ExtensibilityGlobals) = postSolution
		SolutionGuid = {571E3741-6303-4B2E-BACB-7B5DF7E5EA29}
	EndGlobalSection
EndGlobal
